
Microsoft Visual Studio Solution File, Format Version 11.00
# Visual Studio 2010
Project("{2150E333-8FDC-42A3-9474-1A3956D46DE8}") = "Core", "Core", "{B4BB5CF5-8129-4699-80E2-C9CB85424B4A}"
EndProject
Project("{2150E333-8FDC-42A3-9474-1A3956D46DE8}") = "Demo", "Demo", "{0E9EA40A-72DA-47D2-B8EA-749199E87DF9}"
EndProject
Project("{FAE04EC0-301F-11D3-BF4B-00C04F79EFBC}") = "WcfExtension", "WcfExtension\WcfExtension.csproj", "{FE9FE3A9-E056-4538-B76D-93EFD593ABA4}"
EndProject
Project("{FAE04EC0-301F-11D3-BF4B-00C04F79EFBC}") = "WcfExtension.Hosts.Console", "WcfExtension.Hosts.Console\WcfExtension.Hosts.Console.csproj", "{41300E76-D00D-462A-B200-9F98305C7FF7}"
EndProject
Project("{FAE04EC0-301F-11D3-BF4B-00C04F79EFBC}") = "WcfExtension.Services.Implementation", "WcfExtension.Services.Implementation\WcfExtension.Services.Implementation.csproj", "{B46C9951-F5AE-4275-9E4A-BAFDCED20089}"
EndProject
Project("{FAE04EC0-301F-11D3-BF4B-00C04F79EFBC}") = "WcfExtension.Services.Interface", "WcfExtension.Services.Interface\WcfExtension.Services.Interface.csproj", "{23DE13FE-D3F5-41AC-999E-BF55EF144DDB}"
EndProject
Project("{FAE04EC0-301F-11D3-BF4B-00C04F79EFBC}") = "WcfExtension.Clients.Console", "WcfExtension.Clients.Console\WcfExtension.Clients.Console.csproj", "{0CC63278-D383-47B0-AA3E-3725605147F4}"
EndProject
Project("{FAE04EC0-301F-11D3-BF4B-00C04F79EFBC}") = "WcfExtension.ConfigCenter", "WcfExtension.ConfigCenter\WcfExtension.ConfigCenter.csproj", "{96591F43-FE61-46C9-8FD6-8177B6BDEBBD}"
EndProject
Project("{FAE04EC0-301F-11D3-BF4B-00C04F79EFBC}") = "ConsoleApplication1", "ConsoleApplication1\ConsoleApplication1.csproj", "{DFB65B2B-D35B-4BE4-8821-1A102DD84B9A}"
EndProject
Project("{FAE04EC0-301F-11D3-BF4B-00C04F79EFBC}") = "WcfExtension.LogCenter", "WcfExtension.LogCenter\WcfExtension.LogCenter.csproj", "{F2A303C6-CC4B-4239-841F-14EDA38905EC}"
EndProject
Project("{FAE04EC0-301F-11D3-BF4B-00C04F79EFBC}") = "ConsoleApplication2", "ConsoleApplication2\ConsoleApplication2.csproj", "{CEB89F33-5548-4BC1-8E0B-BFCAAF7D0895}"
EndProject
Global
	GlobalSection(SolutionConfigurationPlatforms) = preSolution
		Debug|Any CPU = Debug|Any CPU
		Debug|Mixed Platforms = Debug|Mixed Platforms
		Debug|x86 = Debug|x86
		MonoTouch|Any CPU = MonoTouch|Any CPU
		MonoTouch|Mixed Platforms = MonoTouch|Mixed Platforms
		MonoTouch|x86 = MonoTouch|x86
		Release|Any CPU = Release|Any CPU
		Release|Mixed Platforms = Release|Mixed Platforms
		Release|x86 = Release|x86
		STATIC_ONLY NO_EXPRESSIONS|Any CPU = STATIC_ONLY NO_EXPRESSIONS|Any CPU
		STATIC_ONLY NO_EXPRESSIONS|Mixed Platforms = STATIC_ONLY NO_EXPRESSIONS|Mixed Platforms
		STATIC_ONLY NO_EXPRESSIONS|x86 = STATIC_ONLY NO_EXPRESSIONS|x86
	EndGlobalSection
	GlobalSection(ProjectConfigurationPlatforms) = postSolution
		{FE9FE3A9-E056-4538-B76D-93EFD593ABA4}.Debug|Any CPU.ActiveCfg = Debug|Any CPU
		{FE9FE3A9-E056-4538-B76D-93EFD593ABA4}.Debug|Any CPU.Build.0 = Debug|Any CPU
		{FE9FE3A9-E056-4538-B76D-93EFD593ABA4}.Debug|Mixed Platforms.ActiveCfg = Debug|Any CPU
		{FE9FE3A9-E056-4538-B76D-93EFD593ABA4}.Debug|Mixed Platforms.Build.0 = Debug|Any CPU
		{FE9FE3A9-E056-4538-B76D-93EFD593ABA4}.Debug|x86.ActiveCfg = Debug|Any CPU
		{FE9FE3A9-E056-4538-B76D-93EFD593ABA4}.MonoTouch|Any CPU.ActiveCfg = Release|Any CPU
		{FE9FE3A9-E056-4538-B76D-93EFD593ABA4}.MonoTouch|Any CPU.Build.0 = Release|Any CPU
		{FE9FE3A9-E056-4538-B76D-93EFD593ABA4}.MonoTouch|Mixed Platforms.ActiveCfg = Release|Any CPU
		{FE9FE3A9-E056-4538-B76D-93EFD593ABA4}.MonoTouch|Mixed Platforms.Build.0 = Release|Any CPU
		{FE9FE3A9-E056-4538-B76D-93EFD593ABA4}.MonoTouch|x86.ActiveCfg = Release|Any CPU
		{FE9FE3A9-E056-4538-B76D-93EFD593ABA4}.Release|Any CPU.ActiveCfg = Release|Any CPU
		{FE9FE3A9-E056-4538-B76D-93EFD593ABA4}.Release|Any CPU.Build.0 = Release|Any CPU
		{FE9FE3A9-E056-4538-B76D-93EFD593ABA4}.Release|Mixed Platforms.ActiveCfg = Release|Any CPU
		{FE9FE3A9-E056-4538-B76D-93EFD593ABA4}.Release|Mixed Platforms.Build.0 = Release|Any CPU
		{FE9FE3A9-E056-4538-B76D-93EFD593ABA4}.Release|x86.ActiveCfg = Release|Any CPU
		{FE9FE3A9-E056-4538-B76D-93EFD593ABA4}.STATIC_ONLY NO_EXPRESSIONS|Any CPU.ActiveCfg = Release|Any CPU
		{FE9FE3A9-E056-4538-B76D-93EFD593ABA4}.STATIC_ONLY NO_EXPRESSIONS|Any CPU.Build.0 = Release|Any CPU
		{FE9FE3A9-E056-4538-B76D-93EFD593ABA4}.STATIC_ONLY NO_EXPRESSIONS|Mixed Platforms.ActiveCfg = Release|Any CPU
		{FE9FE3A9-E056-4538-B76D-93EFD593ABA4}.STATIC_ONLY NO_EXPRESSIONS|Mixed Platforms.Build.0 = Release|Any CPU
		{FE9FE3A9-E056-4538-B76D-93EFD593ABA4}.STATIC_ONLY NO_EXPRESSIONS|x86.ActiveCfg = Release|Any CPU
		{41300E76-D00D-462A-B200-9F98305C7FF7}.Debug|Any CPU.ActiveCfg = Debug|x86
		{41300E76-D00D-462A-B200-9F98305C7FF7}.Debug|Mixed Platforms.ActiveCfg = Debug|x86
		{41300E76-D00D-462A-B200-9F98305C7FF7}.Debug|Mixed Platforms.Build.0 = Debug|x86
		{41300E76-D00D-462A-B200-9F98305C7FF7}.Debug|x86.ActiveCfg = Debug|x86
		{41300E76-D00D-462A-B200-9F98305C7FF7}.Debug|x86.Build.0 = Debug|x86
		{41300E76-D00D-462A-B200-9F98305C7FF7}.MonoTouch|Any CPU.ActiveCfg = Release|x86
		{41300E76-D00D-462A-B200-9F98305C7FF7}.MonoTouch|Mixed Platforms.ActiveCfg = Release|x86
		{41300E76-D00D-462A-B200-9F98305C7FF7}.MonoTouch|Mixed Platforms.Build.0 = Release|x86
		{41300E76-D00D-462A-B200-9F98305C7FF7}.MonoTouch|x86.ActiveCfg = Release|x86
		{41300E76-D00D-462A-B200-9F98305C7FF7}.MonoTouch|x86.Build.0 = Release|x86
		{41300E76-D00D-462A-B200-9F98305C7FF7}.Release|Any CPU.ActiveCfg = Release|x86
		{41300E76-D00D-462A-B200-9F98305C7FF7}.Release|Mixed Platforms.ActiveCfg = Release|x86
		{41300E76-D00D-462A-B200-9F98305C7FF7}.Release|Mixed Platforms.Build.0 = Release|x86
		{41300E76-D00D-462A-B200-9F98305C7FF7}.Release|x86.ActiveCfg = Release|x86
		{41300E76-D00D-462A-B200-9F98305C7FF7}.Release|x86.Build.0 = Release|x86
		{41300E76-D00D-462A-B200-9F98305C7FF7}.STATIC_ONLY NO_EXPRESSIONS|Any CPU.ActiveCfg = Release|x86
		{41300E76-D00D-462A-B200-9F98305C7FF7}.STATIC_ONLY NO_EXPRESSIONS|Mixed Platforms.ActiveCfg = Release|x86
		{41300E76-D00D-462A-B200-9F98305C7FF7}.STATIC_ONLY NO_EXPRESSIONS|Mixed Platforms.Build.0 = Release|x86
		{41300E76-D00D-462A-B200-9F98305C7FF7}.STATIC_ONLY NO_EXPRESSIONS|x86.ActiveCfg = Release|x86
		{41300E76-D00D-462A-B200-9F98305C7FF7}.STATIC_ONLY NO_EXPRESSIONS|x86.Build.0 = Release|x86
		{B46C9951-F5AE-4275-9E4A-BAFDCED20089}.Debug|Any CPU.ActiveCfg = Debug|Any CPU
		{B46C9951-F5AE-4275-9E4A-BAFDCED20089}.Debug|Any CPU.Build.0 = Debug|Any CPU
		{B46C9951-F5AE-4275-9E4A-BAFDCED20089}.Debug|Mixed Platforms.ActiveCfg = Debug|Any CPU
		{B46C9951-F5AE-4275-9E4A-BAFDCED20089}.Debug|Mixed Platforms.Build.0 = Debug|Any CPU
		{B46C9951-F5AE-4275-9E4A-BAFDCED20089}.Debug|x86.ActiveCfg = Debug|Any CPU
		{B46C9951-F5AE-4275-9E4A-BAFDCED20089}.MonoTouch|Any CPU.ActiveCfg = Release|Any CPU
		{B46C9951-F5AE-4275-9E4A-BAFDCED20089}.MonoTouch|Any CPU.Build.0 = Release|Any CPU
		{B46C9951-F5AE-4275-9E4A-BAFDCED20089}.MonoTouch|Mixed Platforms.ActiveCfg = Release|Any CPU
		{B46C9951-F5AE-4275-9E4A-BAFDCED20089}.MonoTouch|Mixed Platforms.Build.0 = Release|Any CPU
		{B46C9951-F5AE-4275-9E4A-BAFDCED20089}.MonoTouch|x86.ActiveCfg = Release|Any CPU
		{B46C9951-F5AE-4275-9E4A-BAFDCED20089}.Release|Any CPU.ActiveCfg = Release|Any CPU
		{B46C9951-F5AE-4275-9E4A-BAFDCED20089}.Release|Any CPU.Build.0 = Release|Any CPU
		{B46C9951-F5AE-4275-9E4A-BAFDCED20089}.Release|Mixed Platforms.ActiveCfg = Release|Any CPU
		{B46C9951-F5AE-4275-9E4A-BAFDCED20089}.Release|Mixed Platforms.Build.0 = Release|Any CPU
		{B46C9951-F5AE-4275-9E4A-BAFDCED20089}.Release|x86.ActiveCfg = Release|Any CPU
		{B46C9951-F5AE-4275-9E4A-BAFDCED20089}.STATIC_ONLY NO_EXPRESSIONS|Any CPU.ActiveCfg = Release|Any CPU
		{B46C9951-F5AE-4275-9E4A-BAFDCED20089}.STATIC_ONLY NO_EXPRESSIONS|Any CPU.Build.0 = Release|Any CPU
		{B46C9951-F5AE-4275-9E4A-BAFDCED20089}.STATIC_ONLY NO_EXPRESSIONS|Mixed Platforms.ActiveCfg = Release|Any CPU
		{B46C9951-F5AE-4275-9E4A-BAFDCED20089}.STATIC_ONLY NO_EXPRESSIONS|Mixed Platforms.Build.0 = Release|Any CPU
		{B46C9951-F5AE-4275-9E4A-BAFDCED20089}.STATIC_ONLY NO_EXPRESSIONS|x86.ActiveCfg = Release|Any CPU
		{23DE13FE-D3F5-41AC-999E-BF55EF144DDB}.Debug|Any CPU.ActiveCfg = Debug|Any CPU
		{23DE13FE-D3F5-41AC-999E-BF55EF144DDB}.Debug|Any CPU.Build.0 = Debug|Any CPU
		{23DE13FE-D3F5-41AC-999E-BF55EF144DDB}.Debug|Mixed Platforms.ActiveCfg = Debug|Any CPU
		{23DE13FE-D3F5-41AC-999E-BF55EF144DDB}.Debug|Mixed Platforms.Build.0 = Debug|Any CPU
		{23DE13FE-D3F5-41AC-999E-BF55EF144DDB}.Debug|x86.ActiveCfg = Debug|Any CPU
		{23DE13FE-D3F5-41AC-999E-BF55EF144DDB}.MonoTouch|Any CPU.ActiveCfg = Release|Any CPU
		{23DE13FE-D3F5-41AC-999E-BF55EF144DDB}.MonoTouch|Any CPU.Build.0 = Release|Any CPU
		{23DE13FE-D3F5-41AC-999E-BF55EF144DDB}.MonoTouch|Mixed Platforms.ActiveCfg = Release|Any CPU
		{23DE13FE-D3F5-41AC-999E-BF55EF144DDB}.MonoTouch|Mixed Platforms.Build.0 = Release|Any CPU
		{23DE13FE-D3F5-41AC-999E-BF55EF144DDB}.MonoTouch|x86.ActiveCfg = Release|Any CPU
		{23DE13FE-D3F5-41AC-999E-BF55EF144DDB}.Release|Any CPU.ActiveCfg = Release|Any CPU
		{23DE13FE-D3F5-41AC-999E-BF55EF144DDB}.Release|Any CPU.Build.0 = Release|Any CPU
		{23DE13FE-D3F5-41AC-999E-BF55EF144DDB}.Release|Mixed Platforms.ActiveCfg = Release|Any CPU
		{23DE13FE-D3F5-41AC-999E-BF55EF144DDB}.Release|Mixed Platforms.Build.0 = Release|Any CPU
		{23DE13FE-D3F5-41AC-999E-BF55EF144DDB}.Release|x86.ActiveCfg = Release|Any CPU
		{23DE13FE-D3F5-41AC-999E-BF55EF144DDB}.STATIC_ONLY NO_EXPRESSIONS|Any CPU.ActiveCfg = Release|Any CPU
		{23DE13FE-D3F5-41AC-999E-BF55EF144DDB}.STATIC_ONLY NO_EXPRESSIONS|Any CPU.Build.0 = Release|Any CPU
		{23DE13FE-D3F5-41AC-999E-BF55EF144DDB}.STATIC_ONLY NO_EXPRESSIONS|Mixed Platforms.ActiveCfg = Release|Any CPU
		{23DE13FE-D3F5-41AC-999E-BF55EF144DDB}.STATIC_ONLY NO_EXPRESSIONS|Mixed Platforms.Build.0 = Release|Any CPU
		{23DE13FE-D3F5-41AC-999E-BF55EF144DDB}.STATIC_ONLY NO_EXPRESSIONS|x86.ActiveCfg = Release|Any CPU
		{0CC63278-D383-47B0-AA3E-3725605147F4}.Debug|Any CPU.ActiveCfg = Debug|x86
		{0CC63278-D383-47B0-AA3E-3725605147F4}.Debug|Mixed Platforms.ActiveCfg = Debug|x86
		{0CC63278-D383-47B0-AA3E-3725605147F4}.Debug|Mixed Platforms.Build.0 = Debug|x86
		{0CC63278-D383-47B0-AA3E-3725605147F4}.Debug|x86.ActiveCfg = Debug|x86
		{0CC63278-D383-47B0-AA3E-3725605147F4}.Debug|x86.Build.0 = Debug|x86
		{0CC63278-D383-47B0-AA3E-3725605147F4}.MonoTouch|Any CPU.ActiveCfg = Release|x86
		{0CC63278-D383-47B0-AA3E-3725605147F4}.MonoTouch|Mixed Platforms.ActiveCfg = Release|x86
		{0CC63278-D383-47B0-AA3E-3725605147F4}.MonoTouch|Mixed Platforms.Build.0 = Release|x86
		{0CC63278-D383-47B0-AA3E-3725605147F4}.MonoTouch|x86.ActiveCfg = Release|x86
		{0CC63278-D383-47B0-AA3E-3725605147F4}.MonoTouch|x86.Build.0 = Release|x86
		{0CC63278-D383-47B0-AA3E-3725605147F4}.Release|Any CPU.ActiveCfg = Release|x86
		{0CC63278-D383-47B0-AA3E-3725605147F4}.Release|Mixed Platforms.ActiveCfg = Release|x86
		{0CC63278-D383-47B0-AA3E-3725605147F4}.Release|Mixed Platforms.Build.0 = Release|x86
		{0CC63278-D383-47B0-AA3E-3725605147F4}.Release|x86.ActiveCfg = Release|x86
		{0CC63278-D383-47B0-AA3E-3725605147F4}.Release|x86.Build.0 = Release|x86
		{0CC63278-D383-47B0-AA3E-3725605147F4}.STATIC_ONLY NO_EXPRESSIONS|Any CPU.ActiveCfg = Release|x86
		{0CC63278-D383-47B0-AA3E-3725605147F4}.STATIC_ONLY NO_EXPRESSIONS|Mixed Platforms.ActiveCfg = Release|x86
		{0CC63278-D383-47B0-AA3E-3725605147F4}.STATIC_ONLY NO_EXPRESSIONS|Mixed Platforms.Build.0 = Release|x86
		{0CC63278-D383-47B0-AA3E-3725605147F4}.STATIC_ONLY NO_EXPRESSIONS|x86.ActiveCfg = Release|x86
		{0CC63278-D383-47B0-AA3E-3725605147F4}.STATIC_ONLY NO_EXPRESSIONS|x86.Build.0 = Release|x86
		{96591F43-FE61-46C9-8FD6-8177B6BDEBBD}.Debug|Any CPU.ActiveCfg = Debug|Any CPU
		{96591F43-FE61-46C9-8FD6-8177B6BDEBBD}.Debug|Any CPU.Build.0 = Debug|Any CPU
		{96591F43-FE61-46C9-8FD6-8177B6BDEBBD}.Debug|Mixed Platforms.ActiveCfg = Debug|Any CPU
		{96591F43-FE61-46C9-8FD6-8177B6BDEBBD}.Debug|Mixed Platforms.Build.0 = Debug|Any CPU
		{96591F43-FE61-46C9-8FD6-8177B6BDEBBD}.Debug|x86.ActiveCfg = Debug|Any CPU
		{96591F43-FE61-46C9-8FD6-8177B6BDEBBD}.MonoTouch|Any CPU.ActiveCfg = Release|Any CPU
		{96591F43-FE61-46C9-8FD6-8177B6BDEBBD}.MonoTouch|Any CPU.Build.0 = Release|Any CPU
		{96591F43-FE61-46C9-8FD6-8177B6BDEBBD}.MonoTouch|Mixed Platforms.ActiveCfg = Release|Any CPU
		{96591F43-FE61-46C9-8FD6-8177B6BDEBBD}.MonoTouch|Mixed Platforms.Build.0 = Release|Any CPU
		{96591F43-FE61-46C9-8FD6-8177B6BDEBBD}.MonoTouch|x86.ActiveCfg = Release|Any CPU
		{96591F43-FE61-46C9-8FD6-8177B6BDEBBD}.Release|Any CPU.ActiveCfg = Release|Any CPU
		{96591F43-FE61-46C9-8FD6-8177B6BDEBBD}.Release|Any CPU.Build.0 = Release|Any CPU
		{96591F43-FE61-46C9-8FD6-8177B6BDEBBD}.Release|Mixed Platforms.ActiveCfg = Release|Any CPU
		{96591F43-FE61-46C9-8FD6-8177B6BDEBBD}.Release|Mixed Platforms.Build.0 = Release|Any CPU
		{96591F43-FE61-46C9-8FD6-8177B6BDEBBD}.Release|x86.ActiveCfg = Release|Any CPU
		{96591F43-FE61-46C9-8FD6-8177B6BDEBBD}.STATIC_ONLY NO_EXPRESSIONS|Any CPU.ActiveCfg = Release|Any CPU
		{96591F43-FE61-46C9-8FD6-8177B6BDEBBD}.STATIC_ONLY NO_EXPRESSIONS|Any CPU.Build.0 = Release|Any CPU
		{96591F43-FE61-46C9-8FD6-8177B6BDEBBD}.STATIC_ONLY NO_EXPRESSIONS|Mixed Platforms.ActiveCfg = Release|Any CPU
		{96591F43-FE61-46C9-8FD6-8177B6BDEBBD}.STATIC_ONLY NO_EXPRESSIONS|Mixed Platforms.Build.0 = Release|Any CPU
		{96591F43-FE61-46C9-8FD6-8177B6BDEBBD}.STATIC_ONLY NO_EXPRESSIONS|x86.ActiveCfg = Release|Any CPU
		{DFB65B2B-D35B-4BE4-8821-1A102DD84B9A}.Debug|Any CPU.ActiveCfg = Debug|x86
		{DFB65B2B-D35B-4BE4-8821-1A102DD84B9A}.Debug|Mixed Platforms.ActiveCfg = Debug|x86
		{DFB65B2B-D35B-4BE4-8821-1A102DD84B9A}.Debug|Mixed Platforms.Build.0 = Debug|x86
		{DFB65B2B-D35B-4BE4-8821-1A102DD84B9A}.Debug|x86.ActiveCfg = Debug|x86
		{DFB65B2B-D35B-4BE4-8821-1A102DD84B9A}.Debug|x86.Build.0 = Debug|x86
		{DFB65B2B-D35B-4BE4-8821-1A102DD84B9A}.MonoTouch|Any CPU.ActiveCfg = Release|x86
		{DFB65B2B-D35B-4BE4-8821-1A102DD84B9A}.MonoTouch|Mixed Platforms.ActiveCfg = Release|x86
		{DFB65B2B-D35B-4BE4-8821-1A102DD84B9A}.MonoTouch|Mixed Platforms.Build.0 = Release|x86
		{DFB65B2B-D35B-4BE4-8821-1A102DD84B9A}.MonoTouch|x86.ActiveCfg = Release|x86
		{DFB65B2B-D35B-4BE4-8821-1A102DD84B9A}.MonoTouch|x86.Build.0 = Release|x86
		{DFB65B2B-D35B-4BE4-8821-1A102DD84B9A}.Release|Any CPU.ActiveCfg = Release|x86
		{DFB65B2B-D35B-4BE4-8821-1A102DD84B9A}.Release|Mixed Platforms.ActiveCfg = Release|x86
		{DFB65B2B-D35B-4BE4-8821-1A102DD84B9A}.Release|Mixed Platforms.Build.0 = Release|x86
		{DFB65B2B-D35B-4BE4-8821-1A102DD84B9A}.Release|x86.ActiveCfg = Release|x86
		{DFB65B2B-D35B-4BE4-8821-1A102DD84B9A}.Release|x86.Build.0 = Release|x86
		{DFB65B2B-D35B-4BE4-8821-1A102DD84B9A}.STATIC_ONLY NO_EXPRESSIONS|Any CPU.ActiveCfg = Release|x86
		{DFB65B2B-D35B-4BE4-8821-1A102DD84B9A}.STATIC_ONLY NO_EXPRESSIONS|Mixed Platforms.ActiveCfg = Release|x86
		{DFB65B2B-D35B-4BE4-8821-1A102DD84B9A}.STATIC_ONLY NO_EXPRESSIONS|Mixed Platforms.Build.0 = Release|x86
		{DFB65B2B-D35B-4BE4-8821-1A102DD84B9A}.STATIC_ONLY NO_EXPRESSIONS|x86.ActiveCfg = Release|x86
		{DFB65B2B-D35B-4BE4-8821-1A102DD84B9A}.STATIC_ONLY NO_EXPRESSIONS|x86.Build.0 = Release|x86
		{F2A303C6-CC4B-4239-841F-14EDA38905EC}.Debug|Any CPU.ActiveCfg = Debug|Any CPU
		{F2A303C6-CC4B-4239-841F-14EDA38905EC}.Debug|Any CPU.Build.0 = Debug|Any CPU
		{F2A303C6-CC4B-4239-841F-14EDA38905EC}.Debug|Mixed Platforms.ActiveCfg = Debug|Any CPU
		{F2A303C6-CC4B-4239-841F-14EDA38905EC}.Debug|Mixed Platforms.Build.0 = Debug|Any CPU
		{F2A303C6-CC4B-4239-841F-14EDA38905EC}.Debug|x86.ActiveCfg = Debug|Any CPU
		{F2A303C6-CC4B-4239-841F-14EDA38905EC}.MonoTouch|Any CPU.ActiveCfg = Release|Any CPU
		{F2A303C6-CC4B-4239-841F-14EDA38905EC}.MonoTouch|Any CPU.Build.0 = Release|Any CPU
		{F2A303C6-CC4B-4239-841F-14EDA38905EC}.MonoTouch|Mixed Platforms.ActiveCfg = Release|Any CPU
		{F2A303C6-CC4B-4239-841F-14EDA38905EC}.MonoTouch|Mixed Platforms.Build.0 = Release|Any CPU
		{F2A303C6-CC4B-4239-841F-14EDA38905EC}.MonoTouch|x86.ActiveCfg = Release|Any CPU
		{F2A303C6-CC4B-4239-841F-14EDA38905EC}.Release|Any CPU.ActiveCfg = Release|Any CPU
		{F2A303C6-CC4B-4239-841F-14EDA38905EC}.Release|Any CPU.Build.0 = Release|Any CPU
		{F2A303C6-CC4B-4239-841F-14EDA38905EC}.Release|Mixed Platforms.ActiveCfg = Release|Any CPU
		{F2A303C6-CC4B-4239-841F-14EDA38905EC}.Release|Mixed Platforms.Build.0 = Release|Any CPU
		{F2A303C6-CC4B-4239-841F-14EDA38905EC}.Release|x86.ActiveCfg = Release|Any CPU
		{F2A303C6-CC4B-4239-841F-14EDA38905EC}.STATIC_ONLY NO_EXPRESSIONS|Any CPU.ActiveCfg = Release|Any CPU
		{F2A303C6-CC4B-4239-841F-14EDA38905EC}.STATIC_ONLY NO_EXPRESSIONS|Any CPU.Build.0 = Release|Any CPU
		{F2A303C6-CC4B-4239-841F-14EDA38905EC}.STATIC_ONLY NO_EXPRESSIONS|Mixed Platforms.ActiveCfg = Release|Any CPU
		{F2A303C6-CC4B-4239-841F-14EDA38905EC}.STATIC_ONLY NO_EXPRESSIONS|Mixed Platforms.Build.0 = Release|Any CPU
		{F2A303C6-CC4B-4239-841F-14EDA38905EC}.STATIC_ONLY NO_EXPRESSIONS|x86.ActiveCfg = Release|Any CPU
		{CEB89F33-5548-4BC1-8E0B-BFCAAF7D0895}.Debug|Any CPU.ActiveCfg = Debug|x86
		{CEB89F33-5548-4BC1-8E0B-BFCAAF7D0895}.Debug|Mixed Platforms.ActiveCfg = Debug|x86
		{CEB89F33-5548-4BC1-8E0B-BFCAAF7D0895}.Debug|Mixed Platforms.Build.0 = Debug|x86
		{CEB89F33-5548-4BC1-8E0B-BFCAAF7D0895}.Debug|x86.ActiveCfg = Debug|x86
		{CEB89F33-5548-4BC1-8E0B-BFCAAF7D0895}.Debug|x86.Build.0 = Debug|x86
		{CEB89F33-5548-4BC1-8E0B-BFCAAF7D0895}.MonoTouch|Any CPU.ActiveCfg = Release|x86
		{CEB89F33-5548-4BC1-8E0B-BFCAAF7D0895}.MonoTouch|Mixed Platforms.ActiveCfg = Release|x86
		{CEB89F33-5548-4BC1-8E0B-BFCAAF7D0895}.MonoTouch|Mixed Platforms.Build.0 = Release|x86
		{CEB89F33-5548-4BC1-8E0B-BFCAAF7D0895}.MonoTouch|x86.ActiveCfg = Release|x86
		{CEB89F33-5548-4BC1-8E0B-BFCAAF7D0895}.MonoTouch|x86.Build.0 = Release|x86
		{CEB89F33-5548-4BC1-8E0B-BFCAAF7D0895}.Release|Any CPU.ActiveCfg = Release|x86
		{CEB89F33-5548-4BC1-8E0B-BFCAAF7D0895}.Release|Mixed Platforms.ActiveCfg = Release|x86
		{CEB89F33-5548-4BC1-8E0B-BFCAAF7D0895}.Release|Mixed Platforms.Build.0 = Release|x86
		{CEB89F33-5548-4BC1-8E0B-BFCAAF7D0895}.Release|x86.ActiveCfg = Release|x86
		{CEB89F33-5548-4BC1-8E0B-BFCAAF7D0895}.Release|x86.Build.0 = Release|x86
		{CEB89F33-5548-4BC1-8E0B-BFCAAF7D0895}.STATIC_ONLY NO_EXPRESSIONS|Any CPU.ActiveCfg = Release|x86
		{CEB89F33-5548-4BC1-8E0B-BFCAAF7D0895}.STATIC_ONLY NO_EXPRESSIONS|Mixed Platforms.ActiveCfg = Release|x86
		{CEB89F33-5548-4BC1-8E0B-BFCAAF7D0895}.STATIC_ONLY NO_EXPRESSIONS|Mixed Platforms.Build.0 = Release|x86
		{CEB89F33-5548-4BC1-8E0B-BFCAAF7D0895}.STATIC_ONLY NO_EXPRESSIONS|x86.ActiveCfg = Release|x86
		{CEB89F33-5548-4BC1-8E0B-BFCAAF7D0895}.STATIC_ONLY NO_EXPRESSIONS|x86.Build.0 = Release|x86
	EndGlobalSection
	GlobalSection(SolutionProperties) = preSolution
		HideSolutionNode = FALSE
	EndGlobalSection
	GlobalSection(NestedProjects) = preSolution
		{FE9FE3A9-E056-4538-B76D-93EFD593ABA4} = {B4BB5CF5-8129-4699-80E2-C9CB85424B4A}
		{96591F43-FE61-46C9-8FD6-8177B6BDEBBD} = {B4BB5CF5-8129-4699-80E2-C9CB85424B4A}
		{F2A303C6-CC4B-4239-841F-14EDA38905EC} = {B4BB5CF5-8129-4699-80E2-C9CB85424B4A}
		{41300E76-D00D-462A-B200-9F98305C7FF7} = {0E9EA40A-72DA-47D2-B8EA-749199E87DF9}
		{B46C9951-F5AE-4275-9E4A-BAFDCED20089} = {0E9EA40A-72DA-47D2-B8EA-749199E87DF9}
		{23DE13FE-D3F5-41AC-999E-BF55EF144DDB} = {0E9EA40A-72DA-47D2-B8EA-749199E87DF9}
		{0CC63278-D383-47B0-AA3E-3725605147F4} = {0E9EA40A-72DA-47D2-B8EA-749199E87DF9}
	EndGlobalSection
EndGlobal
